
Microsoft Visual Studio Solution File, Format Version 12.00
# Visual Studio Version 17
VisualStudioVersion = 17.8.34511.84
MinimumVisualStudioVersion = 10.0.40219.1
Project("{FAE04EC0-301F-11D3-BF4B-00C04F79EFBC}") = "WebApi", "WebApi\WebApi.csproj", "{748B6CD7-13CE-4923-87BF-471A898E87EB}"
EndProject
Project("{FAE04EC0-301F-11D3-BF4B-00C04F79EFBC}") = "Persistence", "Persistence\Persistence.csproj", "{2E7617CA-4EDA-4BE8-94E7-9CF01F597A88}"
EndProject
Project("{FAE04EC0-301F-11D3-BF4B-00C04F79EFBC}") = "Domain", "Domain\Domain.csproj", "{DC4A4676-9273-4C24-B6D7-971AE08230B5}"
EndProject
Project("{FAE04EC0-301F-11D3-BF4B-00C04F79EFBC}") = "Application", "Application\Application.csproj", "{A3BDB924-4C8B-475A-ADBA-95417F5A69BC}"
EndProject
Project("{FAE04EC0-301F-11D3-BF4B-00C04F79EFBC}") = "Infrastructure", "Infrastructure\Infrastructure.csproj", "{2C6D73AC-42C5-48AD-89BE-3D755C4BC754}"
EndProject
Global
	GlobalSection(SolutionConfigurationPlatforms) = preSolution
		Debug|Any CPU = Debug|Any CPU
		Release|Any CPU = Release|Any CPU
	EndGlobalSection
	GlobalSection(ProjectConfigurationPlatforms) = postSolution
		{748B6CD7-13CE-4923-87BF-471A898E87EB}.Debug|Any CPU.ActiveCfg = Debug|Any CPU
		{748B6CD7-13CE-4923-87BF-471A898E87EB}.Debug|Any CPU.Build.0 = Debug|Any CPU
		{748B6CD7-13CE-4923-87BF-471A898E87EB}.Release|Any CPU.ActiveCfg = Release|Any CPU
		{748B6CD7-13CE-4923-87BF-471A898E87EB}.Release|Any CPU.Build.0 = Release|Any CPU
		{2E7617CA-4EDA-4BE8-94E7-9CF01F597A88}.Debug|Any CPU.ActiveCfg = Debug|Any CPU
		{2E7617CA-4EDA-4BE8-94E7-9CF01F597A88}.Debug|Any CPU.Build.0 = Debug|Any CPU
		{2E7617CA-4EDA-4BE8-94E7-9CF01F597A88}.Release|Any CPU.ActiveCfg = Release|Any CPU
		{2E7617CA-4EDA-4BE8-94E7-9CF01F597A88}.Release|Any CPU.Build.0 = Release|Any CPU
		{DC4A4676-9273-4C24-B6D7-971AE08230B5}.Debug|Any CPU.ActiveCfg = Debug|Any CPU
		{DC4A4676-9273-4C24-B6D7-971AE08230B5}.Debug|Any CPU.Build.0 = Debug|Any CPU
		{DC4A4676-9273-4C24-B6D7-971AE08230B5}.Release|Any CPU.ActiveCfg = Release|Any CPU
		{DC4A4676-9273-4C24-B6D7-971AE08230B5}.Release|Any CPU.Build.0 = Release|Any CPU
		{A3BDB924-4C8B-475A-ADBA-95417F5A69BC}.Debug|Any CPU.ActiveCfg = Debug|Any CPU
		{A3BDB924-4C8B-475A-ADBA-95417F5A69BC}.Debug|Any CPU.Build.0 = Debug|Any CPU
		{A3BDB924-4C8B-475A-ADBA-95417F5A69BC}.Release|Any CPU.ActiveCfg = Release|Any CPU
		{A3BDB924-4C8B-475A-ADBA-95417F5A69BC}.Release|Any CPU.Build.0 = Release|Any CPU
		{2C6D73AC-42C5-48AD-89BE-3D755C4BC754}.Debug|Any CPU.ActiveCfg = Debug|Any CPU
		{2C6D73AC-42C5-48AD-89BE-3D755C4BC754}.Debug|Any CPU.Build.0 = Debug|Any CPU
		{2C6D73AC-42C5-48AD-89BE-3D755C4BC754}.Release|Any CPU.ActiveCfg = Release|Any CPU
		{2C6D73AC-42C5-48AD-89BE-3D755C4BC754}.Release|Any CPU.Build.0 = Release|Any CPU
	EndGlobalSection
	GlobalSection(SolutionProperties) = preSolution
		HideSolutionNode = FALSE
	EndGlobalSection
	GlobalSection(ExtensibilityGlobals) = postSolution
		SolutionGuid = {2A0FE09F-988C-4E93-A903-FB31F698013D}
	EndGlobalSection
EndGlobal
